// !$*UTF8*$!
{
	archiveVersion = 1;
	classes = {
	};
	objectVersion = 77;
	objects = {

/* Begin PBXBuildFile section */
		313394BE2D04F58D008A4BE1 /* Speech.framework in Frameworks */ = {isa = PBXBuildFile; fileRef = 313394BD2D04F58D008A4BE1 /* Speech.framework */; };
/* End PBXBuildFile section */

/* Begin PBXContainerItemProxy section */
		3133949B2D04E665008A4BE1 /* PBXContainerItemProxy */ = {
			isa = PBXContainerItemProxy;
			containerPortal = 3133947C2D04E663008A4BE1 /* Project object */;
			proxyType = 1;
			remoteGlobalIDString = 313394832D04E663008A4BE1;
			remoteInfo = StoryScape;
		};
		313394A52D04E665008A4BE1 /* PBXContainerItemProxy */ = {
			isa = PBXContainerItemProxy;
			containerPortal = 3133947C2D04E663008A4BE1 /* Project object */;
			proxyType = 1;
			remoteGlobalIDString = 313394832D04E663008A4BE1;
			remoteInfo = StoryScape;
		};
/* End PBXContainerItemProxy section */

/* Begin PBXFileReference section */
		313394842D04E663008A4BE1 /* StoryScape.app */ = {isa = PBXFileReference; explicitFileType = wrapper.application; includeInIndex = 0; path = StoryScape.app; sourceTree = BUILT_PRODUCTS_DIR; };
		3133949A2D04E665008A4BE1 /* StoryScapeTests.xctest */ = {isa = PBXFileReference; explicitFileType = wrapper.cfbundle; includeInIndex = 0; path = StoryScapeTests.xctest; sourceTree = BUILT_PRODUCTS_DIR; };
		313394A42D04E665008A4BE1 /* StoryScapeUITests.xctest */ = {isa = PBXFileReference; explicitFileType = wrapper.cfbundle; includeInIndex = 0; path = StoryScapeUITests.xctest; sourceTree = BUILT_PRODUCTS_DIR; };
		313394BD2D04F58D008A4BE1 /* Speech.framework */ = {isa = PBXFileReference; lastKnownFileType = wrapper.framework; name = Speech.framework; path = System/Library/Frameworks/Speech.framework; sourceTree = SDKROOT; };
/* End PBXFileReference section */

/* Begin PBXFileSystemSynchronizedBuildFileExceptionSet section */
		313394AC2D04E665008A4BE1 /* Exceptions for "StoryScape" folder in "StoryScape" target */ = {
			isa = PBXFileSystemSynchronizedBuildFileExceptionSet;
			membershipExceptions = (
				Info.plist,
			);
			target = 313394832D04E663008A4BE1 /* StoryScape */;
		};
/* End PBXFileSystemSynchronizedBuildFileExceptionSet section */

/* Begin PBXFileSystemSynchronizedRootGroup section */
		313394862D04E663008A4BE1 /* StoryScape */ = {
			isa = PBXFileSystemSynchronizedRootGroup;
			exceptions = (
				313394AC2D04E665008A4BE1 /* Exceptions for "StoryScape" folder in "StoryScape" target */,
			);
			path = StoryScape;
			sourceTree = "<group>";
		};
		3133949D2D04E665008A4BE1 /* StoryScapeTests */ = {
			isa = PBXFileSystemSynchronizedRootGroup;
			path = StoryScapeTests;
			sourceTree = "<group>";
		};
		313394A72D04E665008A4BE1 /* StoryScapeUITests */ = {
			isa = PBXFileSystemSynchronizedRootGroup;
			path = StoryScapeUITests;
			sourceTree = "<group>";
		};
/* End PBXFileSystemSynchronizedRootGroup section */

/* Begin PBXFrameworksBuildPhase section */
		313394812D04E663008A4BE1 /* Frameworks */ = {
			isa = PBXFrameworksBuildPhase;
			buildActionMask = 2147483647;
			files = (
				313394BE2D04F58D008A4BE1 /* Speech.framework in Frameworks */,
			);
			runOnlyForDeploymentPostprocessing = 0;
		};
		313394972D04E665008A4BE1 /* Frameworks */ = {
			isa = PBXFrameworksBuildPhase;
			buildActionMask = 2147483647;
			files = (
			);
			runOnlyForDeploymentPostprocessing = 0;
		};
		313394A12D04E665008A4BE1 /* Frameworks */ = {
			isa = PBXFrameworksBuildPhase;
			buildActionMask = 2147483647;
			files = (
			);
			runOnlyForDeploymentPostprocessing = 0;
		};
/* End PBXFrameworksBuildPhase section */

/* Begin PBXGroup section */
		3133947B2D04E663008A4BE1 = {
			isa = PBXGroup;
			children = (
				313394862D04E663008A4BE1 /* StoryScape */,
				3133949D2D04E665008A4BE1 /* StoryScapeTests */,
				313394A72D04E665008A4BE1 /* StoryScapeUITests */,
				313394BC2D04F58D008A4BE1 /* Frameworks */,
				313394852D04E663008A4BE1 /* Products */,
			);
			sourceTree = "<group>";
		};
		313394852D04E663008A4BE1 /* Products */ = {
			isa = PBXGroup;
			children = (
				313394842D04E663008A4BE1 /* StoryScape.app */,
				3133949A2D04E665008A4BE1 /* StoryScapeTests.xctest */,
				313394A42D04E665008A4BE1 /* StoryScapeUITests.xctest */,
			);
			name = Products;
			sourceTree = "<group>";
		};
		313394BC2D04F58D008A4BE1 /* Frameworks */ = {
			isa = PBXGroup;
			children = (
				313394BD2D04F58D008A4BE1 /* Speech.framework */,
			);
			name = Frameworks;
			sourceTree = "<group>";
		};
/* End PBXGroup section */

/* Begin PBXNativeTarget section */
		313394832D04E663008A4BE1 /* StoryScape */ = {
			isa = PBXNativeTarget;
			buildConfigurationList = 313394AD2D04E665008A4BE1 /* Build configuration list for PBXNativeTarget "StoryScape" */;
			buildPhases = (
				313394802D04E663008A4BE1 /* Sources */,
				313394812D04E663008A4BE1 /* Frameworks */,
				313394822D04E663008A4BE1 /* Resources */,
			);
			buildRules = (
			);
			dependencies = (
			);
			fileSystemSynchronizedGroups = (
				313394862D04E663008A4BE1 /* StoryScape */,
			);
			name = StoryScape;
			packageProductDependencies = (
			);
			productName = StoryScape;
			productReference = 313394842D04E663008A4BE1 /* StoryScape.app */;
			productType = "com.apple.product-type.application";
		};
		313394992D04E665008A4BE1 /* StoryScapeTests */ = {
			isa = PBXNativeTarget;
			buildConfigurationList = 313394B22D04E665008A4BE1 /* Build configuration list for PBXNativeTarget "StoryScapeTests" */;
			buildPhases = (
				313394962D04E665008A4BE1 /* Sources */,
				313394972D04E665008A4BE1 /* Frameworks */,
				313394982D04E665008A4BE1 /* Resources */,
			);
			buildRules = (
			);
			dependencies = (
				3133949C2D04E665008A4BE1 /* PBXTargetDependency */,
			);
			fileSystemSynchronizedGroups = (
				3133949D2D04E665008A4BE1 /* StoryScapeTests */,
			);
			name = StoryScapeTests;
			packageProductDependencies = (
			);
			productName = StoryScapeTests;
			productReference = 3133949A2D04E665008A4BE1 /* StoryScapeTests.xctest */;
			productType = "com.apple.product-type.bundle.unit-test";
		};
		313394A32D04E665008A4BE1 /* StoryScapeUITests */ = {
			isa = PBXNativeTarget;
			buildConfigurationList = 313394B52D04E665008A4BE1 /* Build configuration list for PBXNativeTarget "StoryScapeUITests" */;
			buildPhases = (
				313394A02D04E665008A4BE1 /* Sources */,
				313394A12D04E665008A4BE1 /* Frameworks */,
				313394A22D04E665008A4BE1 /* Resources */,
			);
			buildRules = (
			);
			dependencies = (
				313394A62D04E665008A4BE1 /* PBXTargetDependency */,
			);
			fileSystemSynchronizedGroups = (
				313394A72D04E665008A4BE1 /* StoryScapeUITests */,
			);
			name = StoryScapeUITests;
			packageProductDependencies = (
			);
			productName = StoryScapeUITests;
			productReference = 313394A42D04E665008A4BE1 /* StoryScapeUITests.xctest */;
			productType = "com.apple.product-type.bundle.ui-testing";
		};
/* End PBXNativeTarget section */

/* Begin PBXProject section */
		3133947C2D04E663008A4BE1 /* Project object */ = {
			isa = PBXProject;
			attributes = {
				BuildIndependentTargetsInParallel = 1;
				LastSwiftUpdateCheck = 1600;
				LastUpgradeCheck = 1600;
				TargetAttributes = {
					313394832D04E663008A4BE1 = {
						CreatedOnToolsVersion = 16.0;
					};
					313394992D04E665008A4BE1 = {
						CreatedOnToolsVersion = 16.0;
						TestTargetID = 313394832D04E663008A4BE1;
					};
					313394A32D04E665008A4BE1 = {
						CreatedOnToolsVersion = 16.0;
						TestTargetID = 313394832D04E663008A4BE1;
					};
				};
			};
			buildConfigurationList = 3133947F2D04E663008A4BE1 /* Build configuration list for PBXProject "StoryScape" */;
			developmentRegion = en;
			hasScannedForEncodings = 0;
			knownRegions = (
				en,
				Base,
			);
			mainGroup = 3133947B2D04E663008A4BE1;
			minimizedProjectReferenceProxies = 1;
			preferredProjectObjectVersion = 77;
			productRefGroup = 313394852D04E663008A4BE1 /* Products */;
			projectDirPath = "";
			projectRoot = "";
			targets = (
				313394832D04E663008A4BE1 /* StoryScape */,
				313394992D04E665008A4BE1 /* StoryScapeTests */,
				313394A32D04E665008A4BE1 /* StoryScapeUITests */,
			);
		};
/* End PBXProject section */

/* Begin PBXResourcesBuildPhase section */
		313394822D04E663008A4BE1 /* Resources */ = {
			isa = PBXResourcesBuildPhase;
			buildActionMask = 2147483647;
			files = (
			);
			runOnlyForDeploymentPostprocessing = 0;
		};
		313394982D04E665008A4BE1 /* Resources */ = {
			isa = PBXResourcesBuildPhase;
			buildActionMask = 2147483647;
			files = (
			);
			runOnlyForDeploymentPostprocessing = 0;
		};
		313394A22D04E665008A4BE1 /* Resources */ = {
			isa = PBXResourcesBuildPhase;
			buildActionMask = 2147483647;
			files = (
			);
			runOnlyForDeploymentPostprocessing = 0;
		};
/* End PBXResourcesBuildPhase section */

/* Begin PBXSourcesBuildPhase section */
		313394802D04E663008A4BE1 /* Sources */ = {
			isa = PBXSourcesBuildPhase;
			buildActionMask = 2147483647;
			files = (
			);
			runOnlyForDeploymentPostprocessing = 0;
		};
		313394962D04E665008A4BE1 /* Sources */ = {
			isa = PBXSourcesBuildPhase;
			buildActionMask = 2147483647;
			files = (
			);
			runOnlyForDeploymentPostprocessing = 0;
		};
		313394A02D04E665008A4BE1 /* Sources */ = {
			isa = PBXSourcesBuildPhase;
			buildActionMask = 2147483647;
			files = (
			);
			runOnlyForDeploymentPostprocessing = 0;
		};
/* End PBXSourcesBuildPhase section */

/* Begin PBXTargetDependency section */
		3133949C2D04E665008A4BE1 /* PBXTargetDependency */ = {
			isa = PBXTargetDependency;
			target = 313394832D04E663008A4BE1 /* StoryScape */;
			targetProxy = 3133949B2D04E665008A4BE1 /* PBXContainerItemProxy */;
		};
		313394A62D04E665008A4BE1 /* PBXTargetDependency */ = {
			isa = PBXTargetDependency;
			target = 313394832D04E663008A4BE1 /* StoryScape */;
			targetProxy = 313394A52D04E665008A4BE1 /* PBXContainerItemProxy */;
		};
/* End PBXTargetDependency section */

/* Begin XCBuildConfiguration section */
		313394AE2D04E665008A4BE1 /* Debug */ = {
			isa = XCBuildConfiguration;
			buildSettings = {
				ASSETCATALOG_COMPILER_APPICON_NAME = AppIcon;
				ASSETCATALOG_COMPILER_GLOBAL_ACCENT_COLOR_NAME = AccentColor;
				CODE_SIGN_STYLE = Automatic;
				CURRENT_PROJECT_VERSION = 1;
				DEVELOPMENT_TEAM = N8TJNZFDSR;
				GENERATE_INFOPLIST_FILE = YES;
				INFOPLIST_FILE = StoryScape/Info.plist;
				INFOPLIST_KEY_UIApplicationSupportsIndirectInputEvents = YES;
				INFOPLIST_KEY_UILaunchStoryboardName = LaunchScreen;
				INFOPLIST_KEY_UIMainStoryboardFile = Main;
				INFOPLIST_KEY_UISupportedInterfaceOrientations_iPad = "UIInterfaceOrientationPortrait UIInterfaceOrientationPortraitUpsideDown UIInterfaceOrientationLandscapeLeft UIInterfaceOrientationLandscapeRight";
				INFOPLIST_KEY_UISupportedInterfaceOrientations_iPhone = "UIInterfaceOrientationPortrait UIInterfaceOrientationLandscapeLeft UIInterfaceOrientationLandscapeRight";
				LD_RUNPATH_SEARCH_PATHS = (
					"$(inherited)",
					"@executable_path/Frameworks",
				);
				MARKETING_VERSION = 1.0;
				PRODUCT_BUNDLE_IDENTIFIER = "mobile-apps.StoryScape";
				PRODUCT_NAME = "$(TARGET_NAME)";
				SWIFT_EMIT_LOC_STRINGS = YES;
				SWIFT_VERSION = 5.0;
				TARGETED_DEVICE_FAMILY = "1,2";
			};
			name = Debug;
		};
		313394AF2D04E665008A4BE1 /* Release */ = {
			isa = XCBuildConfiguration;
			buildSettings = {
				ASSETCATALOG_COMPILER_APPICON_NAME = AppIcon;
				ASSETCATALOG_COMPILER_GLOBAL_ACCENT_COLOR_NAME = AccentColor;
				CODE_SIGN_STYLE = Automatic;
				CURRENT_PROJECT_VERSION = 1;
				DEVELOPMENT_TEAM = N8TJNZFDSR;
				GENERATE_INFOPLIST_FILE = YES;
				INFOPLIST_FILE = StoryScape/Info.plist;
				INFOPLIST_KEY_UIApplicationSupportsIndirectInputEvents = YES;
				INFOPLIST_KEY_UILaunchStoryboardName = LaunchScreen;
				INFOPLIST_KEY_UIMainStoryboardFile = Main;
				INFOPLIST_KEY_UISupportedInterfaceOrientations_iPad = "UIInterfaceOrientationPortrait UIInterfaceOrientationPortraitUpsideDown UIInterfaceOrientationLandscapeLeft UIInterfaceOrientationLandscapeRight";
				INFOPLIST_KEY_UISupportedInterfaceOrientations_iPhone = "UIInterfaceOrientationPortrait UIInterfaceOrientationLandscapeLeft UIInterfaceOrientationLandscapeRight";
				LD_RUNPATH_SEARCH_PATHS = (
					"$(inherited)",
					"@executable_path/Frameworks",
				);
				MARKETING_VERSION = 1.0;
				PRODUCT_BUNDLE_IDENTIFIER = "mobile-apps.StoryScape";
				PRODUCT_NAME = "$(TARGET_NAME)";
				SWIFT_EMIT_LOC_STRINGS = YES;
				SWIFT_VERSION = 5.0;
				TARGETED_DEVICE_FAMILY = "1,2";
			};
			name = Release;
		};
		313394B02D04E665008A4BE1 /* Debug */ = {
			isa = XCBuildConfiguration;
			buildSettings = {
				ALWAYS_SEARCH_USER_PATHS = NO;
				ASSETCATALOG_COMPILER_GENERATE_SWIFT_ASSET_SYMBOL_EXTENSIONS = YES;
				CLANG_ANALYZER_NONNULL = YES;
				CLANG_ANALYZER_NUMBER_OBJECT_CONVERSION = YES_AGGRESSIVE;
				CLANG_CXX_LANGUAGE_STANDARD = "gnu++20";
				CLANG_ENABLE_MODULES = YES;
				CLANG_ENABLE_OBJC_ARC = YES;
				CLANG_ENABLE_OBJC_WEAK = YES;
				CLANG_WARN_BLOCK_CAPTURE_AUTORELEASING = YES;
				CLANG_WARN_BOOL_CONVERSION = YES;
				CLANG_WARN_COMMA = YES;
				CLANG_WARN_CONSTANT_CONVERSION = YES;
				CLANG_WARN_DEPRECATED_OBJC_IMPLEMENTATIONS = YES;
				CLANG_WARN_DIRECT_OBJC_ISA_USAGE = YES_ERROR;
				CLANG_WARN_DOCUMENTATION_COMMENTS = YES;
				CLANG_WARN_EMPTY_BODY = YES;
				CLANG_WARN_ENUM_CONVERSION = YES;
				CLANG_WARN_INFINITE_RECURSION = YES;
				CLANG_WARN_INT_CONVERSION = YES;
				CLANG_WARN_NON_LITERAL_NULL_CONVERSION = YES;
				CLANG_WARN_OBJC_IMPLICIT_RETAIN_SELF = YES;
				CLANG_WARN_OBJC_LITERAL_CONVERSION = YES;
				CLANG_WARN_OBJC_ROOT_CLASS = YES_ERROR;
				CLANG_WARN_QUOTED_INCLUDE_IN_FRAMEWORK_HEADER = YES;
				CLANG_WARN_RANGE_LOOP_ANALYSIS = YES;
				CLANG_WARN_STRICT_PROTOTYPES = YES;
				CLANG_WARN_SUSPICIOUS_MOVE = YES;
				CLANG_WARN_UNGUARDED_AVAILABILITY = YES_AGGRESSIVE;
				CLANG_WARN_UNREACHABLE_CODE = YES;
				CLANG_WARN__DUPLICATE_METHOD_MATCH = YES;
				COPY_PHASE_STRIP = NO;
				DEBUG_INFORMATION_FORMAT = dwarf;
				ENABLE_STRICT_OBJC_MSGSEND = YES;
				ENABLE_TESTABILITY = YES;
				ENABLE_USER_SCRIPT_SANDBOXING = YES;
				GCC_C_LANGUAGE_STANDARD = gnu17;
				GCC_DYNAMIC_NO_PIC = NO;
				GCC_NO_COMMON_BLOCKS = YES;
				GCC_OPTIMIZATION_LEVEL = 0;
				GCC_PREPROCESSOR_DEFINITIONS = (
					"DEBUG=1",
					"$(inherited)",
				);
				GCC_WARN_64_TO_32_BIT_CONVERSION = YES;
				GCC_WARN_ABOUT_RETURN_TYPE = YES_ERROR;
				GCC_WARN_UNDECLARED_SELECTOR = YES;
				GCC_WARN_UNINITIALIZED_AUTOS = YES_AGGRESSIVE;
				GCC_WARN_UNUSED_FUNCTION = YES;
				GCC_WARN_UNUSED_VARIABLE = YES;
				IPHONEOS_DEPLOYMENT_TARGET = 18.0;
				LOCALIZATION_PREFERS_STRING_CATALOGS = YES;
				MTL_ENABLE_DEBUG_INFO = INCLUDE_SOURCE;
				MTL_FAST_MATH = YES;
				ONLY_ACTIVE_ARCH = YES;
				SDKROOT = iphoneos;
				SWIFT_ACTIVE_COMPILATION_CONDITIONS = "DEBUG $(inherited)";
				SWIFT_OPTIMIZATION_LEVEL = "-Onone";
			};
			name = Debug;
		};
		313394B12D04E665008A4BE1 /* Release */ = {
			isa = XCBuildConfiguration;
			buildSettings = {
				ALWAYS_SEARCH_USER_PATHS = NO;
				ASSETCATALOG_COMPILER_GENERATE_SWIFT_ASSET_SYMBOL_EXTENSIONS = YES;
				CLANG_ANALYZER_NONNULL = YES;
				CLANG_ANALYZER_NUMBER_OBJECT_CONVERSION = YES_AGGRESSIVE;
				CLANG_CXX_LANGUAGE_STANDARD = "gnu++20";
				CLANG_ENABLE_MODULES = YES;
				CLANG_ENABLE_OBJC_ARC = YES;
				CLANG_ENABLE_OBJC_WEAK = YES;
				CLANG_WARN_BLOCK_CAPTURE_AUTORELEASING = YES;
				CLANG_WARN_BOOL_CONVERSION = YES;
				CLANG_WARN_COMMA = YES;
				CLANG_WARN_CONSTANT_CONVERSION = YES;
				CLANG_WARN_DEPRECATED_OBJC_IMPLEMENTATIONS = YES;
				CLANG_WARN_DIRECT_OBJC_ISA_USAGE = YES_ERROR;
				CLANG_WARN_DOCUMENTATION_COMMENTS = YES;
				CLANG_WARN_EMPTY_BODY = YES;
				CLANG_WARN_ENUM_CONVERSION = YES;
				CLANG_WARN_INFINITE_RECURSION = YES;
				CLANG_WARN_INT_CONVERSION = YES;
				CLANG_WARN_NON_LITERAL_NULL_CONVERSION = YES;
				CLANG_WARN_OBJC_IMPLICIT_RETAIN_SELF = YES;
				CLANG_WARN_OBJC_LITERAL_CONVERSION = YES;
				CLANG_WARN_OBJC_ROOT_CLASS = YES_ERROR;
				CLANG_WARN_QUOTED_INCLUDE_IN_FRAMEWORK_HEADER = YES;
				CLANG_WARN_RANGE_LOOP_ANALYSIS = YES;
				CLANG_WARN_STRICT_PROTOTYPES = YES;
				CLANG_WARN_SUSPICIOUS_MOVE = YES;
				CLANG_WARN_UNGUARDED_AVAILABILITY = YES_AGGRESSIVE;
				CLANG_WARN_UNREACHABLE_CODE = YES;
				CLANG_WARN__DUPLICATE_METHOD_MATCH = YES;
				COPY_PHASE_STRIP = NO;
				DEBUG_INFORMATION_FORMAT = "dwarf-with-dsym";
				ENABLE_NS_ASSERTIONS = NO;
				ENABLE_STRICT_OBJC_MSGSEND = YES;
				ENABLE_USER_SCRIPT_SANDBOXING = YES;
				GCC_C_LANGUAGE_STANDARD = gnu17;
				GCC_NO_COMMON_BLOCKS = YES;
				GCC_WARN_64_TO_32_BIT_CONVERSION = YES;
				GCC_WARN_ABOUT_RETURN_TYPE = YES_ERROR;
				GCC_WARN_UNDECLARED_SELECTOR = YES;
				GCC_WARN_UNINITIALIZED_AUTOS = YES_AGGRESSIVE;
				GCC_WARN_UNUSED_FUNCTION = YES;
				GCC_WARN_UNUSED_VARIABLE = YES;
				IPHONEOS_DEPLOYMENT_TARGET = 18.0;
				LOCALIZATION_PREFERS_STRING_CATALOGS = YES;
				MTL_ENABLE_DEBUG_INFO = NO;
				MTL_FAST_MATH = YES;
				SDKROOT = iphoneos;
				SWIFT_COMPILATION_MODE = wholemodule;
				VALIDATE_PRODUCT = YES;
			};
			name = Release;
		};
		313394B32D04E665008A4BE1 /* Debug */ = {
			isa = XCBuildConfiguration;
			buildSettings = {
				BUNDLE_LOADER = "$(TEST_HOST)";
				CODE_SIGN_STYLE = Automatic;
				CURRENT_PROJECT_VERSION = 1;
				DEVELOPMENT_TEAM = N8TJNZFDSR;
				GENERATE_INFOPLIST_FILE = YES;
				IPHONEOS_DEPLOYMENT_TARGET = 18.0;
				MARKETING_VERSION = 1.0;
				PRODUCT_BUNDLE_IDENTIFIER = "mobile-apps.StoryScapeTests";
				PRODUCT_NAME = "$(TARGET_NAME)";
				SWIFT_EMIT_LOC_STRINGS = NO;
				SWIFT_VERSION = 5.0;
				TARGETED_DEVICE_FAMILY = "1,2";
				TEST_HOST = "$(BUILT_PRODUCTS_DIR)/StoryScape.app/$(BUNDLE_EXECUTABLE_FOLDER_PATH)/StoryScape";
			};
			name = Debug;
		};
		313394B42D04E665008A4BE1 /* Release */ = {
			isa = XCBuildConfiguration;
			buildSettings = {
				BUNDLE_LOADER = "$(TEST_HOST)";
				CODE_SIGN_STYLE = Automatic;
				CURRENT_PROJECT_VERSION = 1;
				DEVELOPMENT_TEAM = N8TJNZFDSR;
				GENERATE_INFOPLIST_FILE = YES;
				IPHONEOS_DEPLOYMENT_TARGET = 18.0;
				MARKETING_VERSION = 1.0;
				PRODUCT_BUNDLE_IDENTIFIER = "mobile-apps.StoryScapeTests";
				PRODUCT_NAME = "$(TARGET_NAME)";
				SWIFT_EMIT_LOC_STRINGS = NO;
				SWIFT_VERSION = 5.0;
				TARGETED_DEVICE_FAMILY = "1,2";
				TEST_HOST = "$(BUILT_PRODUCTS_DIR)/StoryScape.app/$(BUNDLE_EXECUTABLE_FOLDER_PATH)/StoryScape";
			};
			name = Release;
		};
		313394B62D04E665008A4BE1 /* Debug */ = {
			isa = XCBuildConfiguration;
			buildSettings = {
				CODE_SIGN_STYLE = Automatic;
				CURRENT_PROJECT_VERSION = 1;
				DEVELOPMENT_TEAM = N8TJNZFDSR;
				GENERATE_INFOPLIST_FILE = YES;
				MARKETING_VERSION = 1.0;
				PRODUCT_BUNDLE_IDENTIFIER = "mobile-apps.StoryScapeUITests";
				PRODUCT_NAME = "$(TARGET_NAME)";
				SWIFT_EMIT_LOC_STRINGS = NO;
				SWIFT_VERSION = 5.0;
				TARGETED_DEVICE_FAMILY = "1,2";
				TEST_TARGET_NAME = StoryScape;
			};
			name = Debug;
		};
		313394B72D04E665008A4BE1 /* Release */ = {
			isa = XCBuildConfiguration;
			buildSettings = {
				CODE_SIGN_STYLE = Automatic;
				CURRENT_PROJECT_VERSION = 1;
				DEVELOPMENT_TEAM = N8TJNZFDSR;
				GENERATE_INFOPLIST_FILE = YES;
				MARKETING_VERSION = 1.0;
				PRODUCT_BUNDLE_IDENTIFIER = "mobile-apps.StoryScapeUITests";
				PRODUCT_NAME = "$(TARGET_NAME)";
				SWIFT_EMIT_LOC_STRINGS = NO;
				SWIFT_VERSION = 5.0;
				TARGETED_DEVICE_FAMILY = "1,2";
				TEST_TARGET_NAME = StoryScape;
			};
			name = Release;
		};
/* End XCBuildConfiguration section */

/* Begin XCConfigurationList section */
		3133947F2D04E663008A4BE1 /* Build configuration list for PBXProject "StoryScape" */ = {
			isa = XCConfigurationList;
			buildConfigurations = (
				313394B02D04E665008A4BE1 /* Debug */,
				313394B12D04E665008A4BE1 /* Release */,
			);
			defaultConfigurationIsVisible = 0;
			defaultConfigurationName = Release;
		};
		313394AD2D04E665008A4BE1 /* Build configuration list for PBXNativeTarget "StoryScape" */ = {
			isa = XCConfigurationList;
			buildConfigurations = (
				313394AE2D04E665008A4BE1 /* Debug */,
				313394AF2D04E665008A4BE1 /* Release */,
			);
			defaultConfigurationIsVisible = 0;
			defaultConfigurationName = Release;
		};
		313394B22D04E665008A4BE1 /* Build configuration list for PBXNativeTarget "StoryScapeTests" */ = {
			isa = XCConfigurationList;
			buildConfigurations = (
				313394B32D04E665008A4BE1 /* Debug */,
				313394B42D04E665008A4BE1 /* Release */,
			);
			defaultConfigurationIsVisible = 0;
			defaultConfigurationName = Release;
		};
		313394B52D04E665008A4BE1 /* Build configuration list for PBXNativeTarget "StoryScapeUITests" */ = {
			isa = XCConfigurationList;
			buildConfigurations = (
				313394B62D04E665008A4BE1 /* Debug */,
				313394B72D04E665008A4BE1 /* Release */,
			);
			defaultConfigurationIsVisible = 0;
			defaultConfigurationName = Release;
		};
/* End XCConfigurationList section */
	};
	rootObject = 3133947C2D04E663008A4BE1 /* Project object */;
}
